
Microsoft Visual Studio Solution File, Format Version 12.00
# Visual Studio Version 16
VisualStudioVersion = 16.0.30523.141
MinimumVisualStudioVersion = 10.0.40219.1
Project("{FAE04EC0-301F-11D3-BF4B-00C04F79EFBC}") = "AssemblerLab1", "AssemblerLab1.csproj", "{63856DE2-B1D4-4717-951C-1B4AA3596CEE}"
EndProject
Project("{FAE04EC0-301F-11D3-BF4B-00C04F79EFBC}") = "AssemblerTestProj", "AssemblerTestProj\AssemblerTestProj.csproj", "{7CD5B0BC-AA86-43BB-B88D-980BE77F67E6}"
EndProject
Global
	GlobalSection(SolutionConfigurationPlatforms) = preSolution
		Debug|Any CPU = Debug|Any CPU
		Release|Any CPU = Release|Any CPU
	EndGlobalSection
	GlobalSection(ProjectConfigurationPlatforms) = postSolution
		{63856DE2-B1D4-4717-951C-1B4AA3596CEE}.Debug|Any CPU.ActiveCfg = Debug|Any CPU
		{63856DE2-B1D4-4717-951C-1B4AA3596CEE}.Debug|Any CPU.Build.0 = Debug|Any CPU
		{63856DE2-B1D4-4717-951C-1B4AA3596CEE}.Release|Any CPU.ActiveCfg = Release|Any CPU
		{63856DE2-B1D4-4717-951C-1B4AA3596CEE}.Release|Any CPU.Build.0 = Release|Any CPU
		{7CD5B0BC-AA86-43BB-B88D-980BE77F67E6}.Debug|Any CPU.ActiveCfg = Debug|Any CPU
		{7CD5B0BC-AA86-43BB-B88D-980BE77F67E6}.Debug|Any CPU.Build.0 = Debug|Any CPU
		{7CD5B0BC-AA86-43BB-B88D-980BE77F67E6}.Release|Any CPU.ActiveCfg = Release|Any CPU
		{7CD5B0BC-AA86-43BB-B88D-980BE77F67E6}.Release|Any CPU.Build.0 = Release|Any CPU
	EndGlobalSection
	GlobalSection(SolutionProperties) = preSolution
		HideSolutionNode = FALSE
	EndGlobalSection
	GlobalSection(ExtensibilityGlobals) = postSolution
		SolutionGuid = {210F8F4A-B074-42ED-99F7-639FA908D5DF}
	EndGlobalSection
EndGlobal
